
Microsoft Visual Studio Solution File, Format Version 12.00
# Visual Studio Version 16
VisualStudioVersion = 16.0.31624.102
MinimumVisualStudioVersion = 10.0.40219.1
Project("{9A19103F-16F7-4668-BE54-9A1E7A4F7556}") = "API.app360ki_services", "API.app360ki_services\API.app360ki_services.csproj", "{9C21B031-2E3F-4044-9405-394504061E97}"
EndProject
Project("{00D1A9C2-B5F0-4AF3-8072-F6C62B433612}") = "db_360ki_services", "db_360ki_services\db_360ki_services.sqlproj", "{34A22BA5-A44B-49EC-ADF7-5C6E871BBC4E}"
EndProject
Global
	GlobalSection(SolutionConfigurationPlatforms) = preSolution
		Debug|Any CPU = Debug|Any CPU
		Release|Any CPU = Release|Any CPU
	EndGlobalSection
	GlobalSection(ProjectConfigurationPlatforms) = postSolution
		{9C21B031-2E3F-4044-9405-394504061E97}.Debug|Any CPU.ActiveCfg = Debug|Any CPU
		{9C21B031-2E3F-4044-9405-394504061E97}.Debug|Any CPU.Build.0 = Debug|Any CPU
		{9C21B031-2E3F-4044-9405-394504061E97}.Release|Any CPU.ActiveCfg = Release|Any CPU
		{9C21B031-2E3F-4044-9405-394504061E97}.Release|Any CPU.Build.0 = Release|Any CPU
		{34A22BA5-A44B-49EC-ADF7-5C6E871BBC4E}.Debug|Any CPU.ActiveCfg = Debug|Any CPU
		{34A22BA5-A44B-49EC-ADF7-5C6E871BBC4E}.Debug|Any CPU.Build.0 = Debug|Any CPU
		{34A22BA5-A44B-49EC-ADF7-5C6E871BBC4E}.Debug|Any CPU.Deploy.0 = Debug|Any CPU
		{34A22BA5-A44B-49EC-ADF7-5C6E871BBC4E}.Release|Any CPU.ActiveCfg = Release|Any CPU
		{34A22BA5-A44B-49EC-ADF7-5C6E871BBC4E}.Release|Any CPU.Build.0 = Release|Any CPU
		{34A22BA5-A44B-49EC-ADF7-5C6E871BBC4E}.Release|Any CPU.Deploy.0 = Release|Any CPU
	EndGlobalSection
	GlobalSection(SolutionProperties) = preSolution
		HideSolutionNode = FALSE
	EndGlobalSection
	GlobalSection(ExtensibilityGlobals) = postSolution
		SolutionGuid = {CFFC15A6-C9A3-467A-BCA4-BFE6FF178CDD}
	EndGlobalSection
EndGlobal
